# This file is automatically @generated by Poetry 1.8.2 and should not be changed by hand.

[[package]]
name = "platformdirs"
version = "4.9.4"
description = "A small Python package for determining appropriate platform-specific dirs, e.g. a `user data dir`."
optional = false
python-versions = ">=3.10"
files = [
    {file = "platformdirs-4.9.4-py3-none-any.whl", hash = "sha256:68a9a4619a666ea6439f2ff250c12a853cd1cbd5158d258bd824a7df6be2f868"},
    {file = "platformdirs-4.9.4.tar.gz", hash = "sha256:1ec356301b7dc906d83f371c8f487070e99d3ccf9e501686456394622a01a934"},
]

[[package]]
name = "yapf"
version = "0.43.0"
description = "A formatter for Python code"
optional = false
python-versions = ">=3.7"
files = [
    {file = "yapf-0.43.0-py3-none-any.whl", hash = "sha256:224faffbc39c428cb095818cf6ef5511fdab6f7430a10783fdfb292ccf2852ca"},
    {file = "yapf-0.43.0.tar.gz", hash = "sha256:00d3aa24bfedff9420b2e0d5d9f5ab6d9d4268e72afbf59bb3fa542781d5218e"},
]

[package.dependencies]
platformdirs = ">=3.5.1"

[metadata]
lock-version = "2.0"
python-versions = "^3.13"
content-hash = "29b0afb5a84180b8b343e965c49067a90b51c0b0d641e06ebf9c8446316a69d6"
